---
name: Auto lock

on:
  workflow_call:
  schedule:
    - cron: "0 8 * * 1"

jobs:
  lock:
    runs-on: ubuntu-latest
    steps:
      - uses: dessant/lock-threads@v4.0.0
        with:
          # Lock down after 3 months.
          issue-inactive-days: "90"
          issue-comment: >
            This issue has been automatically locked since there has not been any recent activity after it was closed.
            Please open a new issue for related bugs.
          pr-inactive-days: "90"
          pr-comment: >
            This pull request has been automatically locked since there has not been any recent activity after it was
            closed. Please open a new issue for related bugs.
